
Microsoft Visual Studio Solution File, Format Version 12.00
# Visual Studio 14
VisualStudioVersion = 14.0.25420.1
MinimumVisualStudioVersion = 10.0.40219.1
Project("{FAE04EC0-301F-11D3-BF4B-00C04F79EFBC}") = "WJ.Entity", "WJ.Entity\WJ.Entity.csproj", "{4FBC61B8-98B9-4487-98F0-1C2A471BCD76}"
EndProject
Project("{FAE04EC0-301F-11D3-BF4B-00C04F79EFBC}") = "WJ.API", "WJ.API\WJ.API.csproj", "{98D50DFE-B3E6-43BF-987D-024D2F414E96}"
EndProject
Project("{FAE04EC0-301F-11D3-BF4B-00C04F79EFBC}") = "WJ.Service", "WJ.Service\WJ.Service.csproj", "{85594D26-5BF0-48FA-B6F2-46873899C80C}"
EndProject
Project("{FAE04EC0-301F-11D3-BF4B-00C04F79EFBC}") = "WJ.Common", "WJ.Common\WJ.Common.csproj", "{20241CC5-7A51-4C67-9612-553D8ED478ED}"
EndProject
Project("{FAE04EC0-301F-11D3-BF4B-00C04F79EFBC}") = "WJ.DataService", "WJ.DataService\WJ.DataService.csproj", "{522E6BEB-435B-45BC-9E14-E3969AB727F1}"
EndProject
Project("{FAE04EC0-301F-11D3-BF4B-00C04F79EFBC}") = "WJ.Business", "WJ.Business\WJ.Business.csproj", "{4814AA69-7F65-4ABB-9CB6-339FD6902552}"
EndProject
Global
	GlobalSection(SolutionConfigurationPlatforms) = preSolution
		Debug|Any CPU = Debug|Any CPU
		Release|Any CPU = Release|Any CPU
	EndGlobalSection
	GlobalSection(ProjectConfigurationPlatforms) = postSolution
		{4FBC61B8-98B9-4487-98F0-1C2A471BCD76}.Debug|Any CPU.ActiveCfg = Debug|Any CPU
		{4FBC61B8-98B9-4487-98F0-1C2A471BCD76}.Debug|Any CPU.Build.0 = Debug|Any CPU
		{4FBC61B8-98B9-4487-98F0-1C2A471BCD76}.Release|Any CPU.ActiveCfg = Release|Any CPU
		{4FBC61B8-98B9-4487-98F0-1C2A471BCD76}.Release|Any CPU.Build.0 = Release|Any CPU
		{98D50DFE-B3E6-43BF-987D-024D2F414E96}.Debug|Any CPU.ActiveCfg = Debug|Any CPU
		{98D50DFE-B3E6-43BF-987D-024D2F414E96}.Debug|Any CPU.Build.0 = Debug|Any CPU
		{98D50DFE-B3E6-43BF-987D-024D2F414E96}.Release|Any CPU.ActiveCfg = Release|Any CPU
		{98D50DFE-B3E6-43BF-987D-024D2F414E96}.Release|Any CPU.Build.0 = Release|Any CPU
		{85594D26-5BF0-48FA-B6F2-46873899C80C}.Debug|Any CPU.ActiveCfg = Debug|Any CPU
		{85594D26-5BF0-48FA-B6F2-46873899C80C}.Debug|Any CPU.Build.0 = Debug|Any CPU
		{85594D26-5BF0-48FA-B6F2-46873899C80C}.Release|Any CPU.ActiveCfg = Release|Any CPU
		{85594D26-5BF0-48FA-B6F2-46873899C80C}.Release|Any CPU.Build.0 = Release|Any CPU
		{20241CC5-7A51-4C67-9612-553D8ED478ED}.Debug|Any CPU.ActiveCfg = Debug|Any CPU
		{20241CC5-7A51-4C67-9612-553D8ED478ED}.Debug|Any CPU.Build.0 = Debug|Any CPU
		{20241CC5-7A51-4C67-9612-553D8ED478ED}.Release|Any CPU.ActiveCfg = Release|Any CPU
		{20241CC5-7A51-4C67-9612-553D8ED478ED}.Release|Any CPU.Build.0 = Release|Any CPU
		{522E6BEB-435B-45BC-9E14-E3969AB727F1}.Debug|Any CPU.ActiveCfg = Debug|Any CPU
		{522E6BEB-435B-45BC-9E14-E3969AB727F1}.Debug|Any CPU.Build.0 = Debug|Any CPU
		{522E6BEB-435B-45BC-9E14-E3969AB727F1}.Release|Any CPU.ActiveCfg = Release|Any CPU
		{522E6BEB-435B-45BC-9E14-E3969AB727F1}.Release|Any CPU.Build.0 = Release|Any CPU
		{4814AA69-7F65-4ABB-9CB6-339FD6902552}.Debug|Any CPU.ActiveCfg = Debug|Any CPU
		{4814AA69-7F65-4ABB-9CB6-339FD6902552}.Debug|Any CPU.Build.0 = Debug|Any CPU
		{4814AA69-7F65-4ABB-9CB6-339FD6902552}.Release|Any CPU.ActiveCfg = Release|Any CPU
		{4814AA69-7F65-4ABB-9CB6-339FD6902552}.Release|Any CPU.Build.0 = Release|Any CPU
	EndGlobalSection
	GlobalSection(SolutionProperties) = preSolution
		HideSolutionNode = FALSE
	EndGlobalSection
EndGlobal
